
Microsoft Visual Studio Solution File, Format Version 12.00
# Visual Studio 15
VisualStudioVersion = 15.0.28010.2016
MinimumVisualStudioVersion = 10.0.40219.1
Project("{6EC3EE1D-3C4E-46DD-8F32-0CC8E7565705}") = "TwoFer", "TwoFer.fsproj", "{AAFBD42A-1C2F-41BF-A126-E2C80008BEEC}"
EndProject
Global
	GlobalSection(SolutionConfigurationPlatforms) = preSolution
		Debug|Any CPU = Debug|Any CPU
		Release|Any CPU = Release|Any CPU
	EndGlobalSection
	GlobalSection(ProjectConfigurationPlatforms) = postSolution
		{AAFBD42A-1C2F-41BF-A126-E2C80008BEEC}.Debug|Any CPU.ActiveCfg = Debug|Any CPU
		{AAFBD42A-1C2F-41BF-A126-E2C80008BEEC}.Debug|Any CPU.Build.0 = Debug|Any CPU
		{AAFBD42A-1C2F-41BF-A126-E2C80008BEEC}.Release|Any CPU.ActiveCfg = Release|Any CPU
		{AAFBD42A-1C2F-41BF-A126-E2C80008BEEC}.Release|Any CPU.Build.0 = Release|Any CPU
	EndGlobalSection
	GlobalSection(SolutionProperties) = preSolution
		HideSolutionNode = FALSE
	EndGlobalSection
	GlobalSection(ExtensibilityGlobals) = postSolution
		SolutionGuid = {84BDE0D7-EE57-4D3D-A5E2-7B5AC69BE786}
	EndGlobalSection
EndGlobal
